// !$*UTF8*$!
{
	archiveVersion = 1;
	classes = {
	};
	objectVersion = 50;
	objects = {

/* Begin PBXBuildFile section */
		A50665D72253FBCE000EA3BF /* AppDelegate.swift in Sources */ = {isa = PBXBuildFile; fileRef = A50665D62253FBCE000EA3BF /* AppDelegate.swift */; };
		A50665D92253FBCE000EA3BF /* ViewController.swift in Sources */ = {isa = PBXBuildFile; fileRef = A50665D82253FBCE000EA3BF /* ViewController.swift */; };
		A50665DC2253FBCE000EA3BF /* Main.storyboard in Resources */ = {isa = PBXBuildFile; fileRef = A50665DA2253FBCE000EA3BF /* Main.storyboard */; };
		A50665DE2253FBCF000EA3BF /* Assets.xcassets in Resources */ = {isa = PBXBuildFile; fileRef = A50665DD2253FBCF000EA3BF /* Assets.xcassets */; };
		A50665E12253FBCF000EA3BF /* LaunchScreen.storyboard in Resources */ = {isa = PBXBuildFile; fileRef = A50665DF2253FBCF000EA3BF /* LaunchScreen.storyboard */; };
		A50665ED2253FFD3000EA3BF /* Carros.json in Resources */ = {isa = PBXBuildFile; fileRef = A50665EC2253FFD3000EA3BF /* Carros.json */; };
		A50665F022542BBF000EA3BF /* CarroTableViewCell.swift in Sources */ = {isa = PBXBuildFile; fileRef = A50665EE22542BBF000EA3BF /* CarroTableViewCell.swift */; };
		A50665F122542BBF000EA3BF /* CarroTableViewCell.xib in Resources */ = {isa = PBXBuildFile; fileRef = A50665EF22542BBF000EA3BF /* CarroTableViewCell.xib */; };
		A50665F322542D31000EA3BF /* ProtocoloCarros.swift in Sources */ = {isa = PBXBuildFile; fileRef = A50665F222542D31000EA3BF /* ProtocoloCarros.swift */; };
		A5066613225517E0000EA3BF /* DetalhesCarroViewController.swift in Sources */ = {isa = PBXBuildFile; fileRef = A5066612225517E0000EA3BF /* DetalhesCarroViewController.swift */; };
/* End PBXBuildFile section */

/* Begin PBXFileReference section */
		A50665D32253FBCE000EA3BF /* ListaDeCarros.app */ = {isa = PBXFileReference; explicitFileType = wrapper.application; includeInIndex = 0; path = ListaDeCarros.app; sourceTree = BUILT_PRODUCTS_DIR; };
		A50665D62253FBCE000EA3BF /* AppDelegate.swift */ = {isa = PBXFileReference; lastKnownFileType = sourcecode.swift; path = AppDelegate.swift; sourceTree = "<group>"; };
		A50665D82253FBCE000EA3BF /* ViewController.swift */ = {isa = PBXFileReference; lastKnownFileType = sourcecode.swift; path = ViewController.swift; sourceTree = "<group>"; };
		A50665DB2253FBCE000EA3BF /* Base */ = {isa = PBXFileReference; lastKnownFileType = file.storyboard; name = Base; path = Base.lproj/Main.storyboard; sourceTree = "<group>"; };
		A50665DD2253FBCF000EA3BF /* Assets.xcassets */ = {isa = PBXFileReference; lastKnownFileType = folder.assetcatalog; path = Assets.xcassets; sourceTree = "<group>"; };
		A50665E02253FBCF000EA3BF /* Base */ = {isa = PBXFileReference; lastKnownFileType = file.storyboard; name = Base; path = Base.lproj/LaunchScreen.storyboard; sourceTree = "<group>"; };
		A50665E22253FBCF000EA3BF /* Info.plist */ = {isa = PBXFileReference; lastKnownFileType = text.plist.xml; path = Info.plist; sourceTree = "<group>"; };
		A50665EC2253FFD3000EA3BF /* Carros.json */ = {isa = PBXFileReference; lastKnownFileType = text.json; path = Carros.json; sourceTree = "<group>"; };
		A50665EE22542BBF000EA3BF /* CarroTableViewCell.swift */ = {isa = PBXFileReference; lastKnownFileType = sourcecode.swift; path = CarroTableViewCell.swift; sourceTree = "<group>"; };
		A50665EF22542BBF000EA3BF /* CarroTableViewCell.xib */ = {isa = PBXFileReference; lastKnownFileType = file.xib; path = CarroTableViewCell.xib; sourceTree = "<group>"; };
		A50665F222542D31000EA3BF /* ProtocoloCarros.swift */ = {isa = PBXFileReference; lastKnownFileType = sourcecode.swift; path = ProtocoloCarros.swift; sourceTree = "<group>"; };
		A5066612225517E0000EA3BF /* DetalhesCarroViewController.swift */ = {isa = PBXFileReference; lastKnownFileType = sourcecode.swift; path = DetalhesCarroViewController.swift; sourceTree = "<group>"; };
/* End PBXFileReference section */

/* Begin PBXFrameworksBuildPhase section */
		A50665D02253FBCE000EA3BF /* Frameworks */ = {
			isa = PBXFrameworksBuildPhase;
			buildActionMask = 2147483647;
			files = (
			);
			runOnlyForDeploymentPostprocessing = 0;
		};
/* End PBXFrameworksBuildPhase section */

/* Begin PBXGroup section */
		A50665CA2253FBCE000EA3BF = {
			isa = PBXGroup;
			children = (
				A50665D52253FBCE000EA3BF /* ListaDeCarros */,
				A50665D42253FBCE000EA3BF /* Products */,
			);
			sourceTree = "<group>";
		};
		A50665D42253FBCE000EA3BF /* Products */ = {
			isa = PBXGroup;
			children = (
				A50665D32253FBCE000EA3BF /* ListaDeCarros.app */,
			);
			name = Products;
			sourceTree = "<group>";
		};
		A50665D52253FBCE000EA3BF /* ListaDeCarros */ = {
			isa = PBXGroup;
			children = (
				A50665D62253FBCE000EA3BF /* AppDelegate.swift */,
				A50665D82253FBCE000EA3BF /* ViewController.swift */,
				A50665EE22542BBF000EA3BF /* CarroTableViewCell.swift */,
				A5066612225517E0000EA3BF /* DetalhesCarroViewController.swift */,
				A50665F222542D31000EA3BF /* ProtocoloCarros.swift */,
				A50665EF22542BBF000EA3BF /* CarroTableViewCell.xib */,
				A50665EC2253FFD3000EA3BF /* Carros.json */,
				A50665DA2253FBCE000EA3BF /* Main.storyboard */,
				A50665DD2253FBCF000EA3BF /* Assets.xcassets */,
				A50665DF2253FBCF000EA3BF /* LaunchScreen.storyboard */,
				A50665E22253FBCF000EA3BF /* Info.plist */,
			);
			path = ListaDeCarros;
			sourceTree = "<group>";
		};
/* End PBXGroup section */

/* Begin PBXNativeTarget section */
		A50665D22253FBCE000EA3BF /* ListaDeCarros */ = {
			isa = PBXNativeTarget;
			buildConfigurationList = A50665E52253FBCF000EA3BF /* Build configuration list for PBXNativeTarget "ListaDeCarros" */;
			buildPhases = (
				A50665CF2253FBCE000EA3BF /* Sources */,
				A50665D02253FBCE000EA3BF /* Frameworks */,
				A50665D12253FBCE000EA3BF /* Resources */,
			);
			buildRules = (
			);
			dependencies = (
			);
			name = ListaDeCarros;
			productName = ListaDeCarros;
			productReference = A50665D32253FBCE000EA3BF /* ListaDeCarros.app */;
			productType = "com.apple.product-type.application";
		};
/* End PBXNativeTarget section */

/* Begin PBXProject section */
		A50665CB2253FBCE000EA3BF /* Project object */ = {
			isa = PBXProject;
			attributes = {
				LastSwiftUpdateCheck = 1020;
				LastUpgradeCheck = 1020;
				ORGANIZATIONNAME = "Rodrigo Martins";
				TargetAttributes = {
					A50665D22253FBCE000EA3BF = {
						CreatedOnToolsVersion = 10.2;
					};
				};
			};
			buildConfigurationList = A50665CE2253FBCE000EA3BF /* Build configuration list for PBXProject "ListaDeCarros" */;
			compatibilityVersion = "Xcode 9.3";
			developmentRegion = en;
			hasScannedForEncodings = 0;
			knownRegions = (
				en,
				Base,
			);
			mainGroup = A50665CA2253FBCE000EA3BF;
			productRefGroup = A50665D42253FBCE000EA3BF /* Products */;
			projectDirPath = "";
			projectRoot = "";
			targets = (
				A50665D22253FBCE000EA3BF /* ListaDeCarros */,
			);
		};
/* End PBXProject section */

/* Begin PBXResourcesBuildPhase section */
		A50665D12253FBCE000EA3BF /* Resources */ = {
			isa = PBXResourcesBuildPhase;
			buildActionMask = 2147483647;
			files = (
				A50665E12253FBCF000EA3BF /* LaunchScreen.storyboard in Resources */,
				A50665F122542BBF000EA3BF /* CarroTableViewCell.xib in Resources */,
				A50665ED2253FFD3000EA3BF /* Carros.json in Resources */,
				A50665DE2253FBCF000EA3BF /* Assets.xcassets in Resources */,
				A50665DC2253FBCE000EA3BF /* Main.storyboard in Resources */,
			);
			runOnlyForDeploymentPostprocessing = 0;
		};
/* End PBXResourcesBuildPhase section */

/* Begin PBXSourcesBuildPhase section */
		A50665CF2253FBCE000EA3BF /* Sources */ = {
			isa = PBXSourcesBuildPhase;
			buildActionMask = 2147483647;
			files = (
				A50665F022542BBF000EA3BF /* CarroTableViewCell.swift in Sources */,
				A50665D92253FBCE000EA3BF /* ViewController.swift in Sources */,
				A50665D72253FBCE000EA3BF /* AppDelegate.swift in Sources */,
				A50665F322542D31000EA3BF /* ProtocoloCarros.swift in Sources */,
				A5066613225517E0000EA3BF /* DetalhesCarroViewController.swift in Sources */,
			);
			runOnlyForDeploymentPostprocessing = 0;
		};
/* End PBXSourcesBuildPhase section */

/* Begin PBXVariantGroup section */
		A50665DA2253FBCE000EA3BF /* Main.storyboard */ = {
			isa = PBXVariantGroup;
			children = (
				A50665DB2253FBCE000EA3BF /* Base */,
			);
			name = Main.storyboard;
			sourceTree = "<group>";
		};
		A50665DF2253FBCF000EA3BF /* LaunchScreen.storyboard */ = {
			isa = PBXVariantGroup;
			children = (
				A50665E02253FBCF000EA3BF /* Base */,
			);
			name = LaunchScreen.storyboard;
			sourceTree = "<group>";
		};
/* End PBXVariantGroup section */

/* Begin XCBuildConfiguration section */
		A50665E32253FBCF000EA3BF /* Debug */ = {
			isa = XCBuildConfiguration;
			buildSettings = {
				ALWAYS_SEARCH_USER_PATHS = NO;
				CLANG_ANALYZER_NONNULL = YES;
				CLANG_ANALYZER_NUMBER_OBJECT_CONVERSION = YES_AGGRESSIVE;
				CLANG_CXX_LANGUAGE_STANDARD = "gnu++14";
				CLANG_CXX_LIBRARY = "libc++";
				CLANG_ENABLE_MODULES = YES;
				CLANG_ENABLE_OBJC_ARC = YES;
				CLANG_ENABLE_OBJC_WEAK = YES;
				CLANG_WARN_BLOCK_CAPTURE_AUTORELEASING = YES;
				CLANG_WARN_BOOL_CONVERSION = YES;
				CLANG_WARN_COMMA = YES;
				CLANG_WARN_CONSTANT_CONVERSION = YES;
				CLANG_WARN_DEPRECATED_OBJC_IMPLEMENTATIONS = YES;
				CLANG_WARN_DIRECT_OBJC_ISA_USAGE = YES_ERROR;
				CLANG_WARN_DOCUMENTATION_COMMENTS = YES;
				CLANG_WARN_EMPTY_BODY = YES;
				CLANG_WARN_ENUM_CONVERSION = YES;
				CLANG_WARN_INFINITE_RECURSION = YES;
				CLANG_WARN_INT_CONVERSION = YES;
				CLANG_WARN_NON_LITERAL_NULL_CONVERSION = YES;
				CLANG_WARN_OBJC_IMPLICIT_RETAIN_SELF = YES;
				CLANG_WARN_OBJC_LITERAL_CONVERSION = YES;
				CLANG_WARN_OBJC_ROOT_CLASS = YES_ERROR;
				CLANG_WARN_RANGE_LOOP_ANALYSIS = YES;
				CLANG_WARN_STRICT_PROTOTYPES = YES;
				CLANG_WARN_SUSPICIOUS_MOVE = YES;
				CLANG_WARN_UNGUARDED_AVAILABILITY = YES_AGGRESSIVE;
				CLANG_WARN_UNREACHABLE_CODE = YES;
				CLANG_WARN__DUPLICATE_METHOD_MATCH = YES;
				CODE_SIGN_IDENTITY = "iPhone Developer";
				COPY_PHASE_STRIP = NO;
				DEBUG_INFORMATION_FORMAT = dwarf;
				ENABLE_STRICT_OBJC_MSGSEND = YES;
				ENABLE_TESTABILITY = YES;
				GCC_C_LANGUAGE_STANDARD = gnu11;
				GCC_DYNAMIC_NO_PIC = NO;
				GCC_NO_COMMON_BLOCKS = YES;
				GCC_OPTIMIZATION_LEVEL = 0;
				GCC_PREPROCESSOR_DEFINITIONS = (
					"DEBUG=1",
					"$(inherited)",
				);
				GCC_WARN_64_TO_32_BIT_CONVERSION = YES;
				GCC_WARN_ABOUT_RETURN_TYPE = YES_ERROR;
				GCC_WARN_UNDECLARED_SELECTOR = YES;
				GCC_WARN_UNINITIALIZED_AUTOS = YES_AGGRESSIVE;
				GCC_WARN_UNUSED_FUNCTION = YES;
				GCC_WARN_UNUSED_VARIABLE = YES;
				IPHONEOS_DEPLOYMENT_TARGET = 12.2;
				MTL_ENABLE_DEBUG_INFO = INCLUDE_SOURCE;
				MTL_FAST_MATH = YES;
				ONLY_ACTIVE_ARCH = YES;
				SDKROOT = iphoneos;
				SWIFT_ACTIVE_COMPILATION_CONDITIONS = DEBUG;
				SWIFT_OPTIMIZATION_LEVEL = "-Onone";
			};
			name = Debug;
		};
		A50665E42253FBCF000EA3BF /* Release */ = {
			isa = XCBuildConfiguration;
			buildSettings = {
				ALWAYS_SEARCH_USER_PATHS = NO;
				CLANG_ANALYZER_NONNULL = YES;
				CLANG_ANALYZER_NUMBER_OBJECT_CONVERSION = YES_AGGRESSIVE;
				CLANG_CXX_LANGUAGE_STANDARD = "gnu++14";
				CLANG_CXX_LIBRARY = "libc++";
				CLANG_ENABLE_MODULES = YES;
				CLANG_ENABLE_OBJC_ARC = YES;
				CLANG_ENABLE_OBJC_WEAK = YES;
				CLANG_WARN_BLOCK_CAPTURE_AUTORELEASING = YES;
				CLANG_WARN_BOOL_CONVERSION = YES;
				CLANG_WARN_COMMA = YES;
				CLANG_WARN_CONSTANT_CONVERSION = YES;
				CLANG_WARN_DEPRECATED_OBJC_IMPLEMENTATIONS = YES;
				CLANG_WARN_DIRECT_OBJC_ISA_USAGE = YES_ERROR;
				CLANG_WARN_DOCUMENTATION_COMMENTS = YES;
				CLANG_WARN_EMPTY_BODY = YES;
				CLANG_WARN_ENUM_CONVERSION = YES;
				CLANG_WARN_INFINITE_RECURSION = YES;
				CLANG_WARN_INT_CONVERSION = YES;
				CLANG_WARN_NON_LITERAL_NULL_CONVERSION = YES;
				CLANG_WARN_OBJC_IMPLICIT_RETAIN_SELF = YES;
				CLANG_WARN_OBJC_LITERAL_CONVERSION = YES;
				CLANG_WARN_OBJC_ROOT_CLASS = YES_ERROR;
				CLANG_WARN_RANGE_LOOP_ANALYSIS = YES;
				CLANG_WARN_STRICT_PROTOTYPES = YES;
				CLANG_WARN_SUSPICIOUS_MOVE = YES;
				CLANG_WARN_UNGUARDED_AVAILABILITY = YES_AGGRESSIVE;
				CLANG_WARN_UNREACHABLE_CODE = YES;
				CLANG_WARN__DUPLICATE_METHOD_MATCH = YES;
				CODE_SIGN_IDENTITY = "iPhone Developer";
				COPY_PHASE_STRIP = NO;
				DEBUG_INFORMATION_FORMAT = "dwarf-with-dsym";
				ENABLE_NS_ASSERTIONS = NO;
				ENABLE_STRICT_OBJC_MSGSEND = YES;
				GCC_C_LANGUAGE_STANDARD = gnu11;
				GCC_NO_COMMON_BLOCKS = YES;
				GCC_WARN_64_TO_32_BIT_CONVERSION = YES;
				GCC_WARN_ABOUT_RETURN_TYPE = YES_ERROR;
				GCC_WARN_UNDECLARED_SELECTOR = YES;
				GCC_WARN_UNINITIALIZED_AUTOS = YES_AGGRESSIVE;
				GCC_WARN_UNUSED_FUNCTION = YES;
				GCC_WARN_UNUSED_VARIABLE = YES;
				IPHONEOS_DEPLOYMENT_TARGET = 12.2;
				MTL_ENABLE_DEBUG_INFO = NO;
				MTL_FAST_MATH = YES;
				SDKROOT = iphoneos;
				SWIFT_COMPILATION_MODE = wholemodule;
				SWIFT_OPTIMIZATION_LEVEL = "-O";
				VALIDATE_PRODUCT = YES;
			};
			name = Release;
		};
		A50665E62253FBCF000EA3BF /* Debug */ = {
			isa = XCBuildConfiguration;
			buildSettings = {
				ASSETCATALOG_COMPILER_APPICON_NAME = AppIcon;
				CODE_SIGN_STYLE = Automatic;
				DEVELOPMENT_TEAM = 7Q63F4FXNX;
				INFOPLIST_FILE = ListaDeCarros/Info.plist;
				LD_RUNPATH_SEARCH_PATHS = (
					"$(inherited)",
					"@executable_path/Frameworks",
				);
				PRODUCT_BUNDLE_IDENTIFIER = everis.ListaDeCarros;
				PRODUCT_NAME = "$(TARGET_NAME)";
				SWIFT_VERSION = 5.0;
				TARGETED_DEVICE_FAMILY = "1,2";
			};
			name = Debug;
		};
		A50665E72253FBCF000EA3BF /* Release */ = {
			isa = XCBuildConfiguration;
			buildSettings = {
				ASSETCATALOG_COMPILER_APPICON_NAME = AppIcon;
				CODE_SIGN_STYLE = Automatic;
				DEVELOPMENT_TEAM = 7Q63F4FXNX;
				INFOPLIST_FILE = ListaDeCarros/Info.plist;
				LD_RUNPATH_SEARCH_PATHS = (
					"$(inherited)",
					"@executable_path/Frameworks",
				);
				PRODUCT_BUNDLE_IDENTIFIER = everis.ListaDeCarros;
				PRODUCT_NAME = "$(TARGET_NAME)";
				SWIFT_VERSION = 5.0;
				TARGETED_DEVICE_FAMILY = "1,2";
			};
			name = Release;
		};
/* End XCBuildConfiguration section */

/* Begin XCConfigurationList section */
		A50665CE2253FBCE000EA3BF /* Build configuration list for PBXProject "ListaDeCarros" */ = {
			isa = XCConfigurationList;
			buildConfigurations = (
				A50665E32253FBCF000EA3BF /* Debug */,
				A50665E42253FBCF000EA3BF /* Release */,
			);
			defaultConfigurationIsVisible = 0;
			defaultConfigurationName = Release;
		};
		A50665E52253FBCF000EA3BF /* Build configuration list for PBXNativeTarget "ListaDeCarros" */ = {
			isa = XCConfigurationList;
			buildConfigurations = (
				A50665E62253FBCF000EA3BF /* Debug */,
				A50665E72253FBCF000EA3BF /* Release */,
			);
			defaultConfigurationIsVisible = 0;
			defaultConfigurationName = Release;
		};
/* End XCConfigurationList section */
	};
	rootObject = A50665CB2253FBCE000EA3BF /* Project object */;
}
